// !$*UTF8*$!
{
	archiveVersion = 1;
	classes = {
	};
	objectVersion = 56;
	objects = {

/* Begin PBXBuildFile section */
		92438A682B18B48100F98207 /* AppDelegate.swift in Sources */ = {isa = PBXBuildFile; fileRef = 92438A672B18B48100F98207 /* AppDelegate.swift */; };
		92438A6A2B18B48100F98207 /* SceneDelegate.swift in Sources */ = {isa = PBXBuildFile; fileRef = 92438A692B18B48100F98207 /* SceneDelegate.swift */; };
		92438A6C2B18B48100F98207 /* ViewController.swift in Sources */ = {isa = PBXBuildFile; fileRef = 92438A6B2B18B48100F98207 /* ViewController.swift */; };
		92438A712B18B48200F98207 /* Assets.xcassets in Resources */ = {isa = PBXBuildFile; fileRef = 92438A702B18B48200F98207 /* Assets.xcassets */; };
		92438A742B18B48200F98207 /* LaunchScreen.storyboard in Resources */ = {isa = PBXBuildFile; fileRef = 92438A722B18B48200F98207 /* LaunchScreen.storyboard */; };
		92438A7F2B18B48200F98207 /* DojoUITest1Tests.swift in Sources */ = {isa = PBXBuildFile; fileRef = 92438A7E2B18B48200F98207 /* DojoUITest1Tests.swift */; };
		92438A892B18B48200F98207 /* DojoUITest1UITests.swift in Sources */ = {isa = PBXBuildFile; fileRef = 92438A882B18B48200F98207 /* DojoUITest1UITests.swift */; };
		92438A8B2B18B48200F98207 /* DojoUITest1UITestsLaunchTests.swift in Sources */ = {isa = PBXBuildFile; fileRef = 92438A8A2B18B48200F98207 /* DojoUITest1UITestsLaunchTests.swift */; };
/* End PBXBuildFile section */

/* Begin PBXContainerItemProxy section */
		92438A7B2B18B48200F98207 /* PBXContainerItemProxy */ = {
			isa = PBXContainerItemProxy;
			containerPortal = 92438A5C2B18B48100F98207 /* Project object */;
			proxyType = 1;
			remoteGlobalIDString = 92438A632B18B48100F98207;
			remoteInfo = DojoUITest1;
		};
		92438A852B18B48200F98207 /* PBXContainerItemProxy */ = {
			isa = PBXContainerItemProxy;
			containerPortal = 92438A5C2B18B48100F98207 /* Project object */;
			proxyType = 1;
			remoteGlobalIDString = 92438A632B18B48100F98207;
			remoteInfo = DojoUITest1;
		};
/* End PBXContainerItemProxy section */

/* Begin PBXFileReference section */
		92438A642B18B48100F98207 /* DojoUITest1.app */ = {isa = PBXFileReference; explicitFileType = wrapper.application; includeInIndex = 0; path = DojoUITest1.app; sourceTree = BUILT_PRODUCTS_DIR; };
		92438A672B18B48100F98207 /* AppDelegate.swift */ = {isa = PBXFileReference; lastKnownFileType = sourcecode.swift; path = AppDelegate.swift; sourceTree = "<group>"; };
		92438A692B18B48100F98207 /* SceneDelegate.swift */ = {isa = PBXFileReference; lastKnownFileType = sourcecode.swift; path = SceneDelegate.swift; sourceTree = "<group>"; };
		92438A6B2B18B48100F98207 /* ViewController.swift */ = {isa = PBXFileReference; lastKnownFileType = sourcecode.swift; path = ViewController.swift; sourceTree = "<group>"; };
		92438A702B18B48200F98207 /* Assets.xcassets */ = {isa = PBXFileReference; lastKnownFileType = folder.assetcatalog; path = Assets.xcassets; sourceTree = "<group>"; };
		92438A732B18B48200F98207 /* Base */ = {isa = PBXFileReference; lastKnownFileType = file.storyboard; name = Base; path = Base.lproj/LaunchScreen.storyboard; sourceTree = "<group>"; };
		92438A752B18B48200F98207 /* Info.plist */ = {isa = PBXFileReference; lastKnownFileType = text.plist.xml; path = Info.plist; sourceTree = "<group>"; };
		92438A7A2B18B48200F98207 /* DojoUITest1Tests.xctest */ = {isa = PBXFileReference; explicitFileType = wrapper.cfbundle; includeInIndex = 0; path = DojoUITest1Tests.xctest; sourceTree = BUILT_PRODUCTS_DIR; };
		92438A7E2B18B48200F98207 /* DojoUITest1Tests.swift */ = {isa = PBXFileReference; lastKnownFileType = sourcecode.swift; path = DojoUITest1Tests.swift; sourceTree = "<group>"; };
		92438A842B18B48200F98207 /* DojoUITest1UITests.xctest */ = {isa = PBXFileReference; explicitFileType = wrapper.cfbundle; includeInIndex = 0; path = DojoUITest1UITests.xctest; sourceTree = BUILT_PRODUCTS_DIR; };
		92438A882B18B48200F98207 /* DojoUITest1UITests.swift */ = {isa = PBXFileReference; lastKnownFileType = sourcecode.swift; path = DojoUITest1UITests.swift; sourceTree = "<group>"; };
		92438A8A2B18B48200F98207 /* DojoUITest1UITestsLaunchTests.swift */ = {isa = PBXFileReference; lastKnownFileType = sourcecode.swift; path = DojoUITest1UITestsLaunchTests.swift; sourceTree = "<group>"; };
/* End PBXFileReference section */

/* Begin PBXFrameworksBuildPhase section */
		92438A612B18B48100F98207 /* Frameworks */ = {
			isa = PBXFrameworksBuildPhase;
			buildActionMask = 2147483647;
			files = (
			);
			runOnlyForDeploymentPostprocessing = 0;
		};
		92438A772B18B48200F98207 /* Frameworks */ = {
			isa = PBXFrameworksBuildPhase;
			buildActionMask = 2147483647;
			files = (
			);
			runOnlyForDeploymentPostprocessing = 0;
		};
		92438A812B18B48200F98207 /* Frameworks */ = {
			isa = PBXFrameworksBuildPhase;
			buildActionMask = 2147483647;
			files = (
			);
			runOnlyForDeploymentPostprocessing = 0;
		};
/* End PBXFrameworksBuildPhase section */

/* Begin PBXGroup section */
		92438A5B2B18B48100F98207 = {
			isa = PBXGroup;
			children = (
				92438A662B18B48100F98207 /* DojoUITest1 */,
				92438A7D2B18B48200F98207 /* DojoUITest1Tests */,
				92438A872B18B48200F98207 /* DojoUITest1UITests */,
				92438A652B18B48100F98207 /* Products */,
			);
			sourceTree = "<group>";
		};
		92438A652B18B48100F98207 /* Products */ = {
			isa = PBXGroup;
			children = (
				92438A642B18B48100F98207 /* DojoUITest1.app */,
				92438A7A2B18B48200F98207 /* DojoUITest1Tests.xctest */,
				92438A842B18B48200F98207 /* DojoUITest1UITests.xctest */,
			);
			name = Products;
			sourceTree = "<group>";
		};
		92438A662B18B48100F98207 /* DojoUITest1 */ = {
			isa = PBXGroup;
			children = (
				92438A672B18B48100F98207 /* AppDelegate.swift */,
				92438A692B18B48100F98207 /* SceneDelegate.swift */,
				92438A6B2B18B48100F98207 /* ViewController.swift */,
				92438A702B18B48200F98207 /* Assets.xcassets */,
				92438A722B18B48200F98207 /* LaunchScreen.storyboard */,
				92438A752B18B48200F98207 /* Info.plist */,
			);
			path = DojoUITest1;
			sourceTree = "<group>";
		};
		92438A7D2B18B48200F98207 /* DojoUITest1Tests */ = {
			isa = PBXGroup;
			children = (
				92438A7E2B18B48200F98207 /* DojoUITest1Tests.swift */,
			);
			path = DojoUITest1Tests;
			sourceTree = "<group>";
		};
		92438A872B18B48200F98207 /* DojoUITest1UITests */ = {
			isa = PBXGroup;
			children = (
				92438A882B18B48200F98207 /* DojoUITest1UITests.swift */,
				92438A8A2B18B48200F98207 /* DojoUITest1UITestsLaunchTests.swift */,
			);
			path = DojoUITest1UITests;
			sourceTree = "<group>";
		};
/* End PBXGroup section */

/* Begin PBXNativeTarget section */
		92438A632B18B48100F98207 /* DojoUITest1 */ = {
			isa = PBXNativeTarget;
			buildConfigurationList = 92438A8E2B18B48200F98207 /* Build configuration list for PBXNativeTarget "DojoUITest1" */;
			buildPhases = (
				92438A602B18B48100F98207 /* Sources */,
				92438A612B18B48100F98207 /* Frameworks */,
				92438A622B18B48100F98207 /* Resources */,
			);
			buildRules = (
			);
			dependencies = (
			);
			name = DojoUITest1;
			productName = DojoUITest1;
			productReference = 92438A642B18B48100F98207 /* DojoUITest1.app */;
			productType = "com.apple.product-type.application";
		};
		92438A792B18B48200F98207 /* DojoUITest1Tests */ = {
			isa = PBXNativeTarget;
			buildConfigurationList = 92438A912B18B48200F98207 /* Build configuration list for PBXNativeTarget "DojoUITest1Tests" */;
			buildPhases = (
				92438A762B18B48200F98207 /* Sources */,
				92438A772B18B48200F98207 /* Frameworks */,
				92438A782B18B48200F98207 /* Resources */,
			);
			buildRules = (
			);
			dependencies = (
				92438A7C2B18B48200F98207 /* PBXTargetDependency */,
			);
			name = DojoUITest1Tests;
			productName = DojoUITest1Tests;
			productReference = 92438A7A2B18B48200F98207 /* DojoUITest1Tests.xctest */;
			productType = "com.apple.product-type.bundle.unit-test";
		};
		92438A832B18B48200F98207 /* DojoUITest1UITests */ = {
			isa = PBXNativeTarget;
			buildConfigurationList = 92438A942B18B48200F98207 /* Build configuration list for PBXNativeTarget "DojoUITest1UITests" */;
			buildPhases = (
				92438A802B18B48200F98207 /* Sources */,
				92438A812B18B48200F98207 /* Frameworks */,
				92438A822B18B48200F98207 /* Resources */,
			);
			buildRules = (
			);
			dependencies = (
				92438A862B18B48200F98207 /* PBXTargetDependency */,
			);
			name = DojoUITest1UITests;
			productName = DojoUITest1UITests;
			productReference = 92438A842B18B48200F98207 /* DojoUITest1UITests.xctest */;
			productType = "com.apple.product-type.bundle.ui-testing";
		};
/* End PBXNativeTarget section */

/* Begin PBXProject section */
		92438A5C2B18B48100F98207 /* Project object */ = {
			isa = PBXProject;
			attributes = {
				BuildIndependentTargetsInParallel = 1;
				LastSwiftUpdateCheck = 1420;
				LastUpgradeCheck = 1420;
				TargetAttributes = {
					92438A632B18B48100F98207 = {
						CreatedOnToolsVersion = 14.2;
					};
					92438A792B18B48200F98207 = {
						CreatedOnToolsVersion = 14.2;
						TestTargetID = 92438A632B18B48100F98207;
					};
					92438A832B18B48200F98207 = {
						CreatedOnToolsVersion = 14.2;
						TestTargetID = 92438A632B18B48100F98207;
					};
				};
			};
			buildConfigurationList = 92438A5F2B18B48100F98207 /* Build configuration list for PBXProject "DojoUITest1" */;
			compatibilityVersion = "Xcode 14.0";
			developmentRegion = en;
			hasScannedForEncodings = 0;
			knownRegions = (
				en,
				Base,
			);
			mainGroup = 92438A5B2B18B48100F98207;
			productRefGroup = 92438A652B18B48100F98207 /* Products */;
			projectDirPath = "";
			projectRoot = "";
			targets = (
				92438A632B18B48100F98207 /* DojoUITest1 */,
				92438A792B18B48200F98207 /* DojoUITest1Tests */,
				92438A832B18B48200F98207 /* DojoUITest1UITests */,
			);
		};
/* End PBXProject section */

/* Begin PBXResourcesBuildPhase section */
		92438A622B18B48100F98207 /* Resources */ = {
			isa = PBXResourcesBuildPhase;
			buildActionMask = 2147483647;
			files = (
				92438A742B18B48200F98207 /* LaunchScreen.storyboard in Resources */,
				92438A712B18B48200F98207 /* Assets.xcassets in Resources */,
			);
			runOnlyForDeploymentPostprocessing = 0;
		};
		92438A782B18B48200F98207 /* Resources */ = {
			isa = PBXResourcesBuildPhase;
			buildActionMask = 2147483647;
			files = (
			);
			runOnlyForDeploymentPostprocessing = 0;
		};
		92438A822B18B48200F98207 /* Resources */ = {
			isa = PBXResourcesBuildPhase;
			buildActionMask = 2147483647;
			files = (
			);
			runOnlyForDeploymentPostprocessing = 0;
		};
/* End PBXResourcesBuildPhase section */

/* Begin PBXSourcesBuildPhase section */
		92438A602B18B48100F98207 /* Sources */ = {
			isa = PBXSourcesBuildPhase;
			buildActionMask = 2147483647;
			files = (
				92438A6C2B18B48100F98207 /* ViewController.swift in Sources */,
				92438A682B18B48100F98207 /* AppDelegate.swift in Sources */,
				92438A6A2B18B48100F98207 /* SceneDelegate.swift in Sources */,
			);
			runOnlyForDeploymentPostprocessing = 0;
		};
		92438A762B18B48200F98207 /* Sources */ = {
			isa = PBXSourcesBuildPhase;
			buildActionMask = 2147483647;
			files = (
				92438A7F2B18B48200F98207 /* DojoUITest1Tests.swift in Sources */,
			);
			runOnlyForDeploymentPostprocessing = 0;
		};
		92438A802B18B48200F98207 /* Sources */ = {
			isa = PBXSourcesBuildPhase;
			buildActionMask = 2147483647;
			files = (
				92438A8B2B18B48200F98207 /* DojoUITest1UITestsLaunchTests.swift in Sources */,
				92438A892B18B48200F98207 /* DojoUITest1UITests.swift in Sources */,
			);
			runOnlyForDeploymentPostprocessing = 0;
		};
/* End PBXSourcesBuildPhase section */

/* Begin PBXTargetDependency section */
		92438A7C2B18B48200F98207 /* PBXTargetDependency */ = {
			isa = PBXTargetDependency;
			target = 92438A632B18B48100F98207 /* DojoUITest1 */;
			targetProxy = 92438A7B2B18B48200F98207 /* PBXContainerItemProxy */;
		};
		92438A862B18B48200F98207 /* PBXTargetDependency */ = {
			isa = PBXTargetDependency;
			target = 92438A632B18B48100F98207 /* DojoUITest1 */;
			targetProxy = 92438A852B18B48200F98207 /* PBXContainerItemProxy */;
		};
/* End PBXTargetDependency section */

/* Begin PBXVariantGroup section */
		92438A722B18B48200F98207 /* LaunchScreen.storyboard */ = {
			isa = PBXVariantGroup;
			children = (
				92438A732B18B48200F98207 /* Base */,
			);
			name = LaunchScreen.storyboard;
			sourceTree = "<group>";
		};
/* End PBXVariantGroup section */

/* Begin XCBuildConfiguration section */
		92438A8C2B18B48200F98207 /* Debug */ = {
			isa = XCBuildConfiguration;
			buildSettings = {
				ALWAYS_SEARCH_USER_PATHS = NO;
				CLANG_ANALYZER_NONNULL = YES;
				CLANG_ANALYZER_NUMBER_OBJECT_CONVERSION = YES_AGGRESSIVE;
				CLANG_CXX_LANGUAGE_STANDARD = "gnu++20";
				CLANG_ENABLE_MODULES = YES;
				CLANG_ENABLE_OBJC_ARC = YES;
				CLANG_ENABLE_OBJC_WEAK = YES;
				CLANG_WARN_BLOCK_CAPTURE_AUTORELEASING = YES;
				CLANG_WARN_BOOL_CONVERSION = YES;
				CLANG_WARN_COMMA = YES;
				CLANG_WARN_CONSTANT_CONVERSION = YES;
				CLANG_WARN_DEPRECATED_OBJC_IMPLEMENTATIONS = YES;
				CLANG_WARN_DIRECT_OBJC_ISA_USAGE = YES_ERROR;
				CLANG_WARN_DOCUMENTATION_COMMENTS = YES;
				CLANG_WARN_EMPTY_BODY = YES;
				CLANG_WARN_ENUM_CONVERSION = YES;
				CLANG_WARN_INFINITE_RECURSION = YES;
				CLANG_WARN_INT_CONVERSION = YES;
				CLANG_WARN_NON_LITERAL_NULL_CONVERSION = YES;
				CLANG_WARN_OBJC_IMPLICIT_RETAIN_SELF = YES;
				CLANG_WARN_OBJC_LITERAL_CONVERSION = YES;
				CLANG_WARN_OBJC_ROOT_CLASS = YES_ERROR;
				CLANG_WARN_QUOTED_INCLUDE_IN_FRAMEWORK_HEADER = YES;
				CLANG_WARN_RANGE_LOOP_ANALYSIS = YES;
				CLANG_WARN_STRICT_PROTOTYPES = YES;
				CLANG_WARN_SUSPICIOUS_MOVE = YES;
				CLANG_WARN_UNGUARDED_AVAILABILITY = YES_AGGRESSIVE;
				CLANG_WARN_UNREACHABLE_CODE = YES;
				CLANG_WARN__DUPLICATE_METHOD_MATCH = YES;
				COPY_PHASE_STRIP = NO;
				DEBUG_INFORMATION_FORMAT = dwarf;
				ENABLE_STRICT_OBJC_MSGSEND = YES;
				ENABLE_TESTABILITY = YES;
				GCC_C_LANGUAGE_STANDARD = gnu11;
				GCC_DYNAMIC_NO_PIC = NO;
				GCC_NO_COMMON_BLOCKS = YES;
				GCC_OPTIMIZATION_LEVEL = 0;
				GCC_PREPROCESSOR_DEFINITIONS = (
					"DEBUG=1",
					"$(inherited)",
				);
				GCC_WARN_64_TO_32_BIT_CONVERSION = YES;
				GCC_WARN_ABOUT_RETURN_TYPE = YES_ERROR;
				GCC_WARN_UNDECLARED_SELECTOR = YES;
				GCC_WARN_UNINITIALIZED_AUTOS = YES_AGGRESSIVE;
				GCC_WARN_UNUSED_FUNCTION = YES;
				GCC_WARN_UNUSED_VARIABLE = YES;
				IPHONEOS_DEPLOYMENT_TARGET = 16.2;
				MTL_ENABLE_DEBUG_INFO = INCLUDE_SOURCE;
				MTL_FAST_MATH = YES;
				ONLY_ACTIVE_ARCH = YES;
				SDKROOT = iphoneos;
				SWIFT_ACTIVE_COMPILATION_CONDITIONS = DEBUG;
				SWIFT_OPTIMIZATION_LEVEL = "-Onone";
			};
			name = Debug;
		};
		92438A8D2B18B48200F98207 /* Release */ = {
			isa = XCBuildConfiguration;
			buildSettings = {
				ALWAYS_SEARCH_USER_PATHS = NO;
				CLANG_ANALYZER_NONNULL = YES;
				CLANG_ANALYZER_NUMBER_OBJECT_CONVERSION = YES_AGGRESSIVE;
				CLANG_CXX_LANGUAGE_STANDARD = "gnu++20";
				CLANG_ENABLE_MODULES = YES;
				CLANG_ENABLE_OBJC_ARC = YES;
				CLANG_ENABLE_OBJC_WEAK = YES;
				CLANG_WARN_BLOCK_CAPTURE_AUTORELEASING = YES;
				CLANG_WARN_BOOL_CONVERSION = YES;
				CLANG_WARN_COMMA = YES;
				CLANG_WARN_CONSTANT_CONVERSION = YES;
				CLANG_WARN_DEPRECATED_OBJC_IMPLEMENTATIONS = YES;
				CLANG_WARN_DIRECT_OBJC_ISA_USAGE = YES_ERROR;
				CLANG_WARN_DOCUMENTATION_COMMENTS = YES;
				CLANG_WARN_EMPTY_BODY = YES;
				CLANG_WARN_ENUM_CONVERSION = YES;
				CLANG_WARN_INFINITE_RECURSION = YES;
				CLANG_WARN_INT_CONVERSION = YES;
				CLANG_WARN_NON_LITERAL_NULL_CONVERSION = YES;
				CLANG_WARN_OBJC_IMPLICIT_RETAIN_SELF = YES;
				CLANG_WARN_OBJC_LITERAL_CONVERSION = YES;
				CLANG_WARN_OBJC_ROOT_CLASS = YES_ERROR;
				CLANG_WARN_QUOTED_INCLUDE_IN_FRAMEWORK_HEADER = YES;
				CLANG_WARN_RANGE_LOOP_ANALYSIS = YES;
				CLANG_WARN_STRICT_PROTOTYPES = YES;
				CLANG_WARN_SUSPICIOUS_MOVE = YES;
				CLANG_WARN_UNGUARDED_AVAILABILITY = YES_AGGRESSIVE;
				CLANG_WARN_UNREACHABLE_CODE = YES;
				CLANG_WARN__DUPLICATE_METHOD_MATCH = YES;
				COPY_PHASE_STRIP = NO;
				DEBUG_INFORMATION_FORMAT = "dwarf-with-dsym";
				ENABLE_NS_ASSERTIONS = NO;
				ENABLE_STRICT_OBJC_MSGSEND = YES;
				GCC_C_LANGUAGE_STANDARD = gnu11;
				GCC_NO_COMMON_BLOCKS = YES;
				GCC_WARN_64_TO_32_BIT_CONVERSION = YES;
				GCC_WARN_ABOUT_RETURN_TYPE = YES_ERROR;
				GCC_WARN_UNDECLARED_SELECTOR = YES;
				GCC_WARN_UNINITIALIZED_AUTOS = YES_AGGRESSIVE;
				GCC_WARN_UNUSED_FUNCTION = YES;
				GCC_WARN_UNUSED_VARIABLE = YES;
				IPHONEOS_DEPLOYMENT_TARGET = 16.2;
				MTL_ENABLE_DEBUG_INFO = NO;
				MTL_FAST_MATH = YES;
				SDKROOT = iphoneos;
				SWIFT_COMPILATION_MODE = wholemodule;
				SWIFT_OPTIMIZATION_LEVEL = "-O";
				VALIDATE_PRODUCT = YES;
			};
			name = Release;
		};
		92438A8F2B18B48200F98207 /* Debug */ = {
			isa = XCBuildConfiguration;
			buildSettings = {
				ASSETCATALOG_COMPILER_APPICON_NAME = AppIcon;
				ASSETCATALOG_COMPILER_GLOBAL_ACCENT_COLOR_NAME = AccentColor;
				CODE_SIGN_STYLE = Automatic;
				CURRENT_PROJECT_VERSION = 1;
				GENERATE_INFOPLIST_FILE = YES;
				INFOPLIST_FILE = DojoUITest1/Info.plist;
				INFOPLIST_KEY_UIApplicationSupportsIndirectInputEvents = YES;
				INFOPLIST_KEY_UILaunchStoryboardName = LaunchScreen;
				INFOPLIST_KEY_UISupportedInterfaceOrientations_iPad = "UIInterfaceOrientationPortrait UIInterfaceOrientationPortraitUpsideDown UIInterfaceOrientationLandscapeLeft UIInterfaceOrientationLandscapeRight";
				INFOPLIST_KEY_UISupportedInterfaceOrientations_iPhone = "UIInterfaceOrientationPortrait UIInterfaceOrientationLandscapeLeft UIInterfaceOrientationLandscapeRight";
				LD_RUNPATH_SEARCH_PATHS = (
					"$(inherited)",
					"@executable_path/Frameworks",
				);
				MARKETING_VERSION = 1.0;
				PRODUCT_BUNDLE_IDENTIFIER = dojo.DojoUITest1;
				PRODUCT_NAME = "$(TARGET_NAME)";
				SWIFT_EMIT_LOC_STRINGS = YES;
				SWIFT_VERSION = 5.0;
				TARGETED_DEVICE_FAMILY = "1,2";
			};
			name = Debug;
		};
		92438A902B18B48200F98207 /* Release */ = {
			isa = XCBuildConfiguration;
			buildSettings = {
				ASSETCATALOG_COMPILER_APPICON_NAME = AppIcon;
				ASSETCATALOG_COMPILER_GLOBAL_ACCENT_COLOR_NAME = AccentColor;
				CODE_SIGN_STYLE = Automatic;
				CURRENT_PROJECT_VERSION = 1;
				GENERATE_INFOPLIST_FILE = YES;
				INFOPLIST_FILE = DojoUITest1/Info.plist;
				INFOPLIST_KEY_UIApplicationSupportsIndirectInputEvents = YES;
				INFOPLIST_KEY_UILaunchStoryboardName = LaunchScreen;
				INFOPLIST_KEY_UISupportedInterfaceOrientations_iPad = "UIInterfaceOrientationPortrait UIInterfaceOrientationPortraitUpsideDown UIInterfaceOrientationLandscapeLeft UIInterfaceOrientationLandscapeRight";
				INFOPLIST_KEY_UISupportedInterfaceOrientations_iPhone = "UIInterfaceOrientationPortrait UIInterfaceOrientationLandscapeLeft UIInterfaceOrientationLandscapeRight";
				LD_RUNPATH_SEARCH_PATHS = (
					"$(inherited)",
					"@executable_path/Frameworks",
				);
				MARKETING_VERSION = 1.0;
				PRODUCT_BUNDLE_IDENTIFIER = dojo.DojoUITest1;
				PRODUCT_NAME = "$(TARGET_NAME)";
				SWIFT_EMIT_LOC_STRINGS = YES;
				SWIFT_VERSION = 5.0;
				TARGETED_DEVICE_FAMILY = "1,2";
			};
			name = Release;
		};
		92438A922B18B48200F98207 /* Debug */ = {
			isa = XCBuildConfiguration;
			buildSettings = {
				ALWAYS_EMBED_SWIFT_STANDARD_LIBRARIES = YES;
				BUNDLE_LOADER = "$(TEST_HOST)";
				CODE_SIGN_STYLE = Automatic;
				CURRENT_PROJECT_VERSION = 1;
				GENERATE_INFOPLIST_FILE = YES;
				IPHONEOS_DEPLOYMENT_TARGET = 16.2;
				MARKETING_VERSION = 1.0;
				PRODUCT_BUNDLE_IDENTIFIER = dojo.DojoUITest1Tests;
				PRODUCT_NAME = "$(TARGET_NAME)";
				SWIFT_EMIT_LOC_STRINGS = NO;
				SWIFT_VERSION = 5.0;
				TARGETED_DEVICE_FAMILY = "1,2";
				TEST_HOST = "$(BUILT_PRODUCTS_DIR)/DojoUITest1.app/$(BUNDLE_EXECUTABLE_FOLDER_PATH)/DojoUITest1";
			};
			name = Debug;
		};
		92438A932B18B48200F98207 /* Release */ = {
			isa = XCBuildConfiguration;
			buildSettings = {
				ALWAYS_EMBED_SWIFT_STANDARD_LIBRARIES = YES;
				BUNDLE_LOADER = "$(TEST_HOST)";
				CODE_SIGN_STYLE = Automatic;
				CURRENT_PROJECT_VERSION = 1;
				GENERATE_INFOPLIST_FILE = YES;
				IPHONEOS_DEPLOYMENT_TARGET = 16.2;
				MARKETING_VERSION = 1.0;
				PRODUCT_BUNDLE_IDENTIFIER = dojo.DojoUITest1Tests;
				PRODUCT_NAME = "$(TARGET_NAME)";
				SWIFT_EMIT_LOC_STRINGS = NO;
				SWIFT_VERSION = 5.0;
				TARGETED_DEVICE_FAMILY = "1,2";
				TEST_HOST = "$(BUILT_PRODUCTS_DIR)/DojoUITest1.app/$(BUNDLE_EXECUTABLE_FOLDER_PATH)/DojoUITest1";
			};
			name = Release;
		};
		92438A952B18B48200F98207 /* Debug */ = {
			isa = XCBuildConfiguration;
			buildSettings = {
				ALWAYS_EMBED_SWIFT_STANDARD_LIBRARIES = YES;
				CODE_SIGN_STYLE = Automatic;
				CURRENT_PROJECT_VERSION = 1;
				GENERATE_INFOPLIST_FILE = YES;
				MARKETING_VERSION = 1.0;
				PRODUCT_BUNDLE_IDENTIFIER = dojo.DojoUITest1UITests;
				PRODUCT_NAME = "$(TARGET_NAME)";
				SWIFT_EMIT_LOC_STRINGS = NO;
				SWIFT_VERSION = 5.0;
				TARGETED_DEVICE_FAMILY = "1,2";
				TEST_TARGET_NAME = DojoUITest1;
			};
			name = Debug;
		};
		92438A962B18B48200F98207 /* Release */ = {
			isa = XCBuildConfiguration;
			buildSettings = {
				ALWAYS_EMBED_SWIFT_STANDARD_LIBRARIES = YES;
				CODE_SIGN_STYLE = Automatic;
				CURRENT_PROJECT_VERSION = 1;
				GENERATE_INFOPLIST_FILE = YES;
				MARKETING_VERSION = 1.0;
				PRODUCT_BUNDLE_IDENTIFIER = dojo.DojoUITest1UITests;
				PRODUCT_NAME = "$(TARGET_NAME)";
				SWIFT_EMIT_LOC_STRINGS = NO;
				SWIFT_VERSION = 5.0;
				TARGETED_DEVICE_FAMILY = "1,2";
				TEST_TARGET_NAME = DojoUITest1;
			};
			name = Release;
		};
/* End XCBuildConfiguration section */

/* Begin XCConfigurationList section */
		92438A5F2B18B48100F98207 /* Build configuration list for PBXProject "DojoUITest1" */ = {
			isa = XCConfigurationList;
			buildConfigurations = (
				92438A8C2B18B48200F98207 /* Debug */,
				92438A8D2B18B48200F98207 /* Release */,
			);
			defaultConfigurationIsVisible = 0;
			defaultConfigurationName = Release;
		};
		92438A8E2B18B48200F98207 /* Build configuration list for PBXNativeTarget "DojoUITest1" */ = {
			isa = XCConfigurationList;
			buildConfigurations = (
				92438A8F2B18B48200F98207 /* Debug */,
				92438A902B18B48200F98207 /* Release */,
			);
			defaultConfigurationIsVisible = 0;
			defaultConfigurationName = Release;
		};
		92438A912B18B48200F98207 /* Build configuration list for PBXNativeTarget "DojoUITest1Tests" */ = {
			isa = XCConfigurationList;
			buildConfigurations = (
				92438A922B18B48200F98207 /* Debug */,
				92438A932B18B48200F98207 /* Release */,
			);
			defaultConfigurationIsVisible = 0;
			defaultConfigurationName = Release;
		};
		92438A942B18B48200F98207 /* Build configuration list for PBXNativeTarget "DojoUITest1UITests" */ = {
			isa = XCConfigurationList;
			buildConfigurations = (
				92438A952B18B48200F98207 /* Debug */,
				92438A962B18B48200F98207 /* Release */,
			);
			defaultConfigurationIsVisible = 0;
			defaultConfigurationName = Release;
		};
/* End XCConfigurationList section */
	};
	rootObject = 92438A5C2B18B48100F98207 /* Project object */;
}
